// !$*UTF8*$!
{
	archiveVersion = 1;
	classes = {
	};
	objectVersion = 56;
	objects = {

/* Begin PBXBuildFile section */
		838AC99B299AAB9500C2A576 /* AppDelegate.swift in Sources */ = {isa = PBXBuildFile; fileRef = 838AC99A299AAB9500C2A576 /* AppDelegate.swift */; };
		838AC99D299AAB9500C2A576 /* SceneDelegate.swift in Sources */ = {isa = PBXBuildFile; fileRef = 838AC99C299AAB9500C2A576 /* SceneDelegate.swift */; };
		838AC99F299AAB9500C2A576 /* ViewController.swift in Sources */ = {isa = PBXBuildFile; fileRef = 838AC99E299AAB9500C2A576 /* ViewController.swift */; };
		838AC9A2299AAB9500C2A576 /* Main.storyboard in Resources */ = {isa = PBXBuildFile; fileRef = 838AC9A0299AAB9500C2A576 /* Main.storyboard */; };
		838AC9A4299AAB9600C2A576 /* Assets.xcassets in Resources */ = {isa = PBXBuildFile; fileRef = 838AC9A3299AAB9600C2A576 /* Assets.xcassets */; };
		838AC9A7299AAB9600C2A576 /* LaunchScreen.storyboard in Resources */ = {isa = PBXBuildFile; fileRef = 838AC9A5299AAB9600C2A576 /* LaunchScreen.storyboard */; };
		838AC9AF299AB3C700C2A576 /* Outcome.swift in Sources */ = {isa = PBXBuildFile; fileRef = 838AC9AE299AB3C700C2A576 /* Outcome.swift */; };
		838AC9B5299AB4B400C2A576 /* GameView.swift in Sources */ = {isa = PBXBuildFile; fileRef = 838AC9B4299AB4B400C2A576 /* GameView.swift */; };
/* End PBXBuildFile section */

/* Begin PBXFileReference section */
		838AC997299AAB9500C2A576 /* AU_04.app */ = {isa = PBXFileReference; explicitFileType = wrapper.application; includeInIndex = 0; path = AU_04.app; sourceTree = BUILT_PRODUCTS_DIR; };
		838AC99A299AAB9500C2A576 /* AppDelegate.swift */ = {isa = PBXFileReference; lastKnownFileType = sourcecode.swift; path = AppDelegate.swift; sourceTree = "<group>"; };
		838AC99C299AAB9500C2A576 /* SceneDelegate.swift */ = {isa = PBXFileReference; lastKnownFileType = sourcecode.swift; path = SceneDelegate.swift; sourceTree = "<group>"; };
		838AC99E299AAB9500C2A576 /* ViewController.swift */ = {isa = PBXFileReference; lastKnownFileType = sourcecode.swift; path = ViewController.swift; sourceTree = "<group>"; };
		838AC9A1299AAB9500C2A576 /* Base */ = {isa = PBXFileReference; lastKnownFileType = file.storyboard; name = Base; path = Base.lproj/Main.storyboard; sourceTree = "<group>"; };
		838AC9A3299AAB9600C2A576 /* Assets.xcassets */ = {isa = PBXFileReference; lastKnownFileType = folder.assetcatalog; path = Assets.xcassets; sourceTree = "<group>"; };
		838AC9A6299AAB9600C2A576 /* Base */ = {isa = PBXFileReference; lastKnownFileType = file.storyboard; name = Base; path = Base.lproj/LaunchScreen.storyboard; sourceTree = "<group>"; };
		838AC9A8299AAB9600C2A576 /* Info.plist */ = {isa = PBXFileReference; lastKnownFileType = text.plist.xml; path = Info.plist; sourceTree = "<group>"; };
		838AC9AE299AB3C700C2A576 /* Outcome.swift */ = {isa = PBXFileReference; lastKnownFileType = sourcecode.swift; path = Outcome.swift; sourceTree = "<group>"; };
		838AC9B4299AB4B400C2A576 /* GameView.swift */ = {isa = PBXFileReference; lastKnownFileType = sourcecode.swift; path = GameView.swift; sourceTree = "<group>"; };
/* End PBXFileReference section */

/* Begin PBXFrameworksBuildPhase section */
		838AC994299AAB9500C2A576 /* Frameworks */ = {
			isa = PBXFrameworksBuildPhase;
			buildActionMask = 2147483647;
			files = (
			);
			runOnlyForDeploymentPostprocessing = 0;
		};
/* End PBXFrameworksBuildPhase section */

/* Begin PBXGroup section */
		838AC98E299AAB9500C2A576 = {
			isa = PBXGroup;
			children = (
				838AC999299AAB9500C2A576 /* AU_04 */,
				838AC998299AAB9500C2A576 /* Products */,
			);
			sourceTree = "<group>";
		};
		838AC998299AAB9500C2A576 /* Products */ = {
			isa = PBXGroup;
			children = (
				838AC997299AAB9500C2A576 /* AU_04.app */,
			);
			name = Products;
			sourceTree = "<group>";
		};
		838AC999299AAB9500C2A576 /* AU_04 */ = {
			isa = PBXGroup;
			children = (
				838AC99A299AAB9500C2A576 /* AppDelegate.swift */,
				838AC9B0299AB3D100C2A576 /* Model */,
				838AC9B3299AB46300C2A576 /* View */,
				838AC99C299AAB9500C2A576 /* SceneDelegate.swift */,
				838AC9B6299AB74E00C2A576 /* Controller */,
				838AC9A0299AAB9500C2A576 /* Main.storyboard */,
				838AC9A3299AAB9600C2A576 /* Assets.xcassets */,
				838AC9A5299AAB9600C2A576 /* LaunchScreen.storyboard */,
				838AC9A8299AAB9600C2A576 /* Info.plist */,
			);
			path = AU_04;
			sourceTree = "<group>";
		};
		838AC9B0299AB3D100C2A576 /* Model */ = {
			isa = PBXGroup;
			children = (
				838AC9AE299AB3C700C2A576 /* Outcome.swift */,
			);
			path = Model;
			sourceTree = "<group>";
		};
		838AC9B3299AB46300C2A576 /* View */ = {
			isa = PBXGroup;
			children = (
				838AC9B4299AB4B400C2A576 /* GameView.swift */,
			);
			path = View;
			sourceTree = "<group>";
		};
		838AC9B6299AB74E00C2A576 /* Controller */ = {
			isa = PBXGroup;
			children = (
				838AC99E299AAB9500C2A576 /* ViewController.swift */,
			);
			path = Controller;
			sourceTree = "<group>";
		};
/* End PBXGroup section */

/* Begin PBXNativeTarget section */
		838AC996299AAB9500C2A576 /* AU_04 */ = {
			isa = PBXNativeTarget;
			buildConfigurationList = 838AC9AB299AAB9600C2A576 /* Build configuration list for PBXNativeTarget "AU_04" */;
			buildPhases = (
				838AC993299AAB9500C2A576 /* Sources */,
				838AC994299AAB9500C2A576 /* Frameworks */,
				838AC995299AAB9500C2A576 /* Resources */,
			);
			buildRules = (
			);
			dependencies = (
			);
			name = AU_04;
			productName = AU_04;
			productReference = 838AC997299AAB9500C2A576 /* AU_04.app */;
			productType = "com.apple.product-type.application";
		};
/* End PBXNativeTarget section */

/* Begin PBXProject section */
		838AC98F299AAB9500C2A576 /* Project object */ = {
			isa = PBXProject;
			attributes = {
				BuildIndependentTargetsInParallel = 1;
				LastSwiftUpdateCheck = 1410;
				LastUpgradeCheck = 1410;
				TargetAttributes = {
					838AC996299AAB9500C2A576 = {
						CreatedOnToolsVersion = 14.1;
					};
				};
			};
			buildConfigurationList = 838AC992299AAB9500C2A576 /* Build configuration list for PBXProject "AU_04" */;
			compatibilityVersion = "Xcode 14.0";
			developmentRegion = en;
			hasScannedForEncodings = 0;
			knownRegions = (
				en,
				Base,
			);
			mainGroup = 838AC98E299AAB9500C2A576;
			productRefGroup = 838AC998299AAB9500C2A576 /* Products */;
			projectDirPath = "";
			projectRoot = "";
			targets = (
				838AC996299AAB9500C2A576 /* AU_04 */,
			);
		};
/* End PBXProject section */

/* Begin PBXResourcesBuildPhase section */
		838AC995299AAB9500C2A576 /* Resources */ = {
			isa = PBXResourcesBuildPhase;
			buildActionMask = 2147483647;
			files = (
				838AC9A7299AAB9600C2A576 /* LaunchScreen.storyboard in Resources */,
				838AC9A4299AAB9600C2A576 /* Assets.xcassets in Resources */,
				838AC9A2299AAB9500C2A576 /* Main.storyboard in Resources */,
			);
			runOnlyForDeploymentPostprocessing = 0;
		};
/* End PBXResourcesBuildPhase section */

/* Begin PBXSourcesBuildPhase section */
		838AC993299AAB9500C2A576 /* Sources */ = {
			isa = PBXSourcesBuildPhase;
			buildActionMask = 2147483647;
			files = (
				838AC9AF299AB3C700C2A576 /* Outcome.swift in Sources */,
				838AC99F299AAB9500C2A576 /* ViewController.swift in Sources */,
				838AC99B299AAB9500C2A576 /* AppDelegate.swift in Sources */,
				838AC9B5299AB4B400C2A576 /* GameView.swift in Sources */,
				838AC99D299AAB9500C2A576 /* SceneDelegate.swift in Sources */,
			);
			runOnlyForDeploymentPostprocessing = 0;
		};
/* End PBXSourcesBuildPhase section */

/* Begin PBXVariantGroup section */
		838AC9A0299AAB9500C2A576 /* Main.storyboard */ = {
			isa = PBXVariantGroup;
			children = (
				838AC9A1299AAB9500C2A576 /* Base */,
			);
			name = Main.storyboard;
			sourceTree = "<group>";
		};
		838AC9A5299AAB9600C2A576 /* LaunchScreen.storyboard */ = {
			isa = PBXVariantGroup;
			children = (
				838AC9A6299AAB9600C2A576 /* Base */,
			);
			name = LaunchScreen.storyboard;
			sourceTree = "<group>";
		};
/* End PBXVariantGroup section */

/* Begin XCBuildConfiguration section */
		838AC9A9299AAB9600C2A576 /* Debug */ = {
			isa = XCBuildConfiguration;
			buildSettings = {
				ALWAYS_SEARCH_USER_PATHS = NO;
				CLANG_ANALYZER_NONNULL = YES;
				CLANG_ANALYZER_NUMBER_OBJECT_CONVERSION = YES_AGGRESSIVE;
				CLANG_CXX_LANGUAGE_STANDARD = "gnu++20";
				CLANG_ENABLE_MODULES = YES;
				CLANG_ENABLE_OBJC_ARC = YES;
				CLANG_ENABLE_OBJC_WEAK = YES;
				CLANG_WARN_BLOCK_CAPTURE_AUTORELEASING = YES;
				CLANG_WARN_BOOL_CONVERSION = YES;
				CLANG_WARN_COMMA = YES;
				CLANG_WARN_CONSTANT_CONVERSION = YES;
				CLANG_WARN_DEPRECATED_OBJC_IMPLEMENTATIONS = YES;
				CLANG_WARN_DIRECT_OBJC_ISA_USAGE = YES_ERROR;
				CLANG_WARN_DOCUMENTATION_COMMENTS = YES;
				CLANG_WARN_EMPTY_BODY = YES;
				CLANG_WARN_ENUM_CONVERSION = YES;
				CLANG_WARN_INFINITE_RECURSION = YES;
				CLANG_WARN_INT_CONVERSION = YES;
				CLANG_WARN_NON_LITERAL_NULL_CONVERSION = YES;
				CLANG_WARN_OBJC_IMPLICIT_RETAIN_SELF = YES;
				CLANG_WARN_OBJC_LITERAL_CONVERSION = YES;
				CLANG_WARN_OBJC_ROOT_CLASS = YES_ERROR;
				CLANG_WARN_QUOTED_INCLUDE_IN_FRAMEWORK_HEADER = YES;
				CLANG_WARN_RANGE_LOOP_ANALYSIS = YES;
				CLANG_WARN_STRICT_PROTOTYPES = YES;
				CLANG_WARN_SUSPICIOUS_MOVE = YES;
				CLANG_WARN_UNGUARDED_AVAILABILITY = YES_AGGRESSIVE;
				CLANG_WARN_UNREACHABLE_CODE = YES;
				CLANG_WARN__DUPLICATE_METHOD_MATCH = YES;
				COPY_PHASE_STRIP = NO;
				DEBUG_INFORMATION_FORMAT = dwarf;
				ENABLE_STRICT_OBJC_MSGSEND = YES;
				ENABLE_TESTABILITY = YES;
				GCC_C_LANGUAGE_STANDARD = gnu11;
				GCC_DYNAMIC_NO_PIC = NO;
				GCC_NO_COMMON_BLOCKS = YES;
				GCC_OPTIMIZATION_LEVEL = 0;
				GCC_PREPROCESSOR_DEFINITIONS = (
					"DEBUG=1",
					"$(inherited)",
				);
				GCC_WARN_64_TO_32_BIT_CONVERSION = YES;
				GCC_WARN_ABOUT_RETURN_TYPE = YES_ERROR;
				GCC_WARN_UNDECLARED_SELECTOR = YES;
				GCC_WARN_UNINITIALIZED_AUTOS = YES_AGGRESSIVE;
				GCC_WARN_UNUSED_FUNCTION = YES;
				GCC_WARN_UNUSED_VARIABLE = YES;
				IPHONEOS_DEPLOYMENT_TARGET = 16.1;
				MTL_ENABLE_DEBUG_INFO = INCLUDE_SOURCE;
				MTL_FAST_MATH = YES;
				ONLY_ACTIVE_ARCH = YES;
				SDKROOT = iphoneos;
				SWIFT_ACTIVE_COMPILATION_CONDITIONS = DEBUG;
				SWIFT_OPTIMIZATION_LEVEL = "-Onone";
			};
			name = Debug;
		};
		838AC9AA299AAB9600C2A576 /* Release */ = {
			isa = XCBuildConfiguration;
			buildSettings = {
				ALWAYS_SEARCH_USER_PATHS = NO;
				CLANG_ANALYZER_NONNULL = YES;
				CLANG_ANALYZER_NUMBER_OBJECT_CONVERSION = YES_AGGRESSIVE;
				CLANG_CXX_LANGUAGE_STANDARD = "gnu++20";
				CLANG_ENABLE_MODULES = YES;
				CLANG_ENABLE_OBJC_ARC = YES;
				CLANG_ENABLE_OBJC_WEAK = YES;
				CLANG_WARN_BLOCK_CAPTURE_AUTORELEASING = YES;
				CLANG_WARN_BOOL_CONVERSION = YES;
				CLANG_WARN_COMMA = YES;
				CLANG_WARN_CONSTANT_CONVERSION = YES;
				CLANG_WARN_DEPRECATED_OBJC_IMPLEMENTATIONS = YES;
				CLANG_WARN_DIRECT_OBJC_ISA_USAGE = YES_ERROR;
				CLANG_WARN_DOCUMENTATION_COMMENTS = YES;
				CLANG_WARN_EMPTY_BODY = YES;
				CLANG_WARN_ENUM_CONVERSION = YES;
				CLANG_WARN_INFINITE_RECURSION = YES;
				CLANG_WARN_INT_CONVERSION = YES;
				CLANG_WARN_NON_LITERAL_NULL_CONVERSION = YES;
				CLANG_WARN_OBJC_IMPLICIT_RETAIN_SELF = YES;
				CLANG_WARN_OBJC_LITERAL_CONVERSION = YES;
				CLANG_WARN_OBJC_ROOT_CLASS = YES_ERROR;
				CLANG_WARN_QUOTED_INCLUDE_IN_FRAMEWORK_HEADER = YES;
				CLANG_WARN_RANGE_LOOP_ANALYSIS = YES;
				CLANG_WARN_STRICT_PROTOTYPES = YES;
				CLANG_WARN_SUSPICIOUS_MOVE = YES;
				CLANG_WARN_UNGUARDED_AVAILABILITY = YES_AGGRESSIVE;
				CLANG_WARN_UNREACHABLE_CODE = YES;
				CLANG_WARN__DUPLICATE_METHOD_MATCH = YES;
				COPY_PHASE_STRIP = NO;
				DEBUG_INFORMATION_FORMAT = "dwarf-with-dsym";
				ENABLE_NS_ASSERTIONS = NO;
				ENABLE_STRICT_OBJC_MSGSEND = YES;
				GCC_C_LANGUAGE_STANDARD = gnu11;
				GCC_NO_COMMON_BLOCKS = YES;
				GCC_WARN_64_TO_32_BIT_CONVERSION = YES;
				GCC_WARN_ABOUT_RETURN_TYPE = YES_ERROR;
				GCC_WARN_UNDECLARED_SELECTOR = YES;
				GCC_WARN_UNINITIALIZED_AUTOS = YES_AGGRESSIVE;
				GCC_WARN_UNUSED_FUNCTION = YES;
				GCC_WARN_UNUSED_VARIABLE = YES;
				IPHONEOS_DEPLOYMENT_TARGET = 16.1;
				MTL_ENABLE_DEBUG_INFO = NO;
				MTL_FAST_MATH = YES;
				SDKROOT = iphoneos;
				SWIFT_COMPILATION_MODE = wholemodule;
				SWIFT_OPTIMIZATION_LEVEL = "-O";
				VALIDATE_PRODUCT = YES;
			};
			name = Release;
		};
		838AC9AC299AAB9600C2A576 /* Debug */ = {
			isa = XCBuildConfiguration;
			buildSettings = {
				ASSETCATALOG_COMPILER_APPICON_NAME = AppIcon;
				ASSETCATALOG_COMPILER_GLOBAL_ACCENT_COLOR_NAME = AccentColor;
				CODE_SIGN_STYLE = Automatic;
				CURRENT_PROJECT_VERSION = 1;
				DEVELOPMENT_TEAM = 77KMF9SL3T;
				GENERATE_INFOPLIST_FILE = YES;
				INFOPLIST_FILE = AU_04/Info.plist;
				INFOPLIST_KEY_UIApplicationSupportsIndirectInputEvents = YES;
				INFOPLIST_KEY_UILaunchStoryboardName = LaunchScreen;
				INFOPLIST_KEY_UIMainStoryboardFile = Main;
				INFOPLIST_KEY_UISupportedInterfaceOrientations_iPad = "UIInterfaceOrientationPortrait UIInterfaceOrientationPortraitUpsideDown UIInterfaceOrientationLandscapeLeft UIInterfaceOrientationLandscapeRight";
				INFOPLIST_KEY_UISupportedInterfaceOrientations_iPhone = "UIInterfaceOrientationPortrait UIInterfaceOrientationLandscapeLeft UIInterfaceOrientationLandscapeRight";
				LD_RUNPATH_SEARCH_PATHS = (
					"$(inherited)",
					"@executable_path/Frameworks",
				);
				MARKETING_VERSION = 1.0;
				PRODUCT_BUNDLE_IDENTIFIER = "edu.auburn.onlinecss.AU-04";
				PRODUCT_NAME = "$(TARGET_NAME)";
				SWIFT_EMIT_LOC_STRINGS = YES;
				SWIFT_VERSION = 5.0;
				TARGETED_DEVICE_FAMILY = "1,2";
			};
			name = Debug;
		};
		838AC9AD299AAB9600C2A576 /* Release */ = {
			isa = XCBuildConfiguration;
			buildSettings = {
				ASSETCATALOG_COMPILER_APPICON_NAME = AppIcon;
				ASSETCATALOG_COMPILER_GLOBAL_ACCENT_COLOR_NAME = AccentColor;
				CODE_SIGN_STYLE = Automatic;
				CURRENT_PROJECT_VERSION = 1;
				DEVELOPMENT_TEAM = 77KMF9SL3T;
				GENERATE_INFOPLIST_FILE = YES;
				INFOPLIST_FILE = AU_04/Info.plist;
				INFOPLIST_KEY_UIApplicationSupportsIndirectInputEvents = YES;
				INFOPLIST_KEY_UILaunchStoryboardName = LaunchScreen;
				INFOPLIST_KEY_UIMainStoryboardFile = Main;
				INFOPLIST_KEY_UISupportedInterfaceOrientations_iPad = "UIInterfaceOrientationPortrait UIInterfaceOrientationPortraitUpsideDown UIInterfaceOrientationLandscapeLeft UIInterfaceOrientationLandscapeRight";
				INFOPLIST_KEY_UISupportedInterfaceOrientations_iPhone = "UIInterfaceOrientationPortrait UIInterfaceOrientationLandscapeLeft UIInterfaceOrientationLandscapeRight";
				LD_RUNPATH_SEARCH_PATHS = (
					"$(inherited)",
					"@executable_path/Frameworks",
				);
				MARKETING_VERSION = 1.0;
				PRODUCT_BUNDLE_IDENTIFIER = "edu.auburn.onlinecss.AU-04";
				PRODUCT_NAME = "$(TARGET_NAME)";
				SWIFT_EMIT_LOC_STRINGS = YES;
				SWIFT_VERSION = 5.0;
				TARGETED_DEVICE_FAMILY = "1,2";
			};
			name = Release;
		};
/* End XCBuildConfiguration section */

/* Begin XCConfigurationList section */
		838AC992299AAB9500C2A576 /* Build configuration list for PBXProject "AU_04" */ = {
			isa = XCConfigurationList;
			buildConfigurations = (
				838AC9A9299AAB9600C2A576 /* Debug */,
				838AC9AA299AAB9600C2A576 /* Release */,
			);
			defaultConfigurationIsVisible = 0;
			defaultConfigurationName = Release;
		};
		838AC9AB299AAB9600C2A576 /* Build configuration list for PBXNativeTarget "AU_04" */ = {
			isa = XCConfigurationList;
			buildConfigurations = (
				838AC9AC299AAB9600C2A576 /* Debug */,
				838AC9AD299AAB9600C2A576 /* Release */,
			);
			defaultConfigurationIsVisible = 0;
			defaultConfigurationName = Release;
		};
/* End XCConfigurationList section */
	};
	rootObject = 838AC98F299AAB9500C2A576 /* Project object */;
}
